
Microsoft Visual Studio Solution File, Format Version 12.00
# Visual Studio Version 17
VisualStudioVersion = 17.3.32804.467
MinimumVisualStudioVersion = 10.0.40219.1
Project("{9A19103F-16F7-4668-BE54-9A1E7A4F7556}") = "CUPOS_FRONT", "CUPOS_FRONT\CUPOS_FRONT.csproj", "{DDAC9EE2-D5C9-4A27-BF74-6F75F8D8C65A}"
EndProject
Project("{9A19103F-16F7-4668-BE54-9A1E7A4F7556}") = "TestUnit", "TestUnit\TestUnit.csproj", "{6EFAC2CC-1E99-472C-A296-7117B470955F}"
EndProject
Global
	GlobalSection(SolutionConfigurationPlatforms) = preSolution
		Debug|Any CPU = Debug|Any CPU
		Release|Any CPU = Release|Any CPU
	EndGlobalSection
	GlobalSection(ProjectConfigurationPlatforms) = postSolution
		{DDAC9EE2-D5C9-4A27-BF74-6F75F8D8C65A}.Debug|Any CPU.ActiveCfg = Debug|Any CPU
		{DDAC9EE2-D5C9-4A27-BF74-6F75F8D8C65A}.Debug|Any CPU.Build.0 = Debug|Any CPU
		{DDAC9EE2-D5C9-4A27-BF74-6F75F8D8C65A}.Release|Any CPU.ActiveCfg = Release|Any CPU
		{DDAC9EE2-D5C9-4A27-BF74-6F75F8D8C65A}.Release|Any CPU.Build.0 = Release|Any CPU
		{6EFAC2CC-1E99-472C-A296-7117B470955F}.Debug|Any CPU.ActiveCfg = Debug|Any CPU
		{6EFAC2CC-1E99-472C-A296-7117B470955F}.Debug|Any CPU.Build.0 = Debug|Any CPU
		{6EFAC2CC-1E99-472C-A296-7117B470955F}.Release|Any CPU.ActiveCfg = Release|Any CPU
		{6EFAC2CC-1E99-472C-A296-7117B470955F}.Release|Any CPU.Build.0 = Release|Any CPU
	EndGlobalSection
	GlobalSection(SolutionProperties) = preSolution
		HideSolutionNode = FALSE
	EndGlobalSection
	GlobalSection(ExtensibilityGlobals) = postSolution
		SolutionGuid = {9BB32944-9B0A-4CEC-8CE1-858DC0D01763}
	EndGlobalSection
	GlobalSection(TeamFoundationVersionControl) = preSolution
		SccNumberOfProjects = 2
		SccEnterpriseProvider = {4CA58AB2-18FA-4F8D-95D4-32DDF27D184C}
		SccTeamFoundationServer = https://bisacorporation8.visualstudio.com/
		SccProjectUniqueName0 = CUPOS_FRONT\\CUPOS_FRONT.csproj
		SccProjectName0 = CUPOS_FRONT
		SccAuxPath0 = https://bisacorporation8.visualstudio.com
		SccLocalPath0 = CUPOS_FRONT
		SccProvider0 = {4CA58AB2-18FA-4F8D-95D4-32DDF27D184C}
		SccProjectUniqueName1 = TestUnit\\TestUnit.csproj
		SccProjectName1 = TestUnit
		SccAuxPath1 = https://bisacorporation8.visualstudio.com
		SccLocalPath1 = TestUnit
		SccProvider1 = {4CA58AB2-18FA-4F8D-95D4-32DDF27D184C}
	EndGlobalSection
EndGlobal
